
Microsoft Visual Studio Solution File, Format Version 12.00
# Visual Studio Version 16
VisualStudioVersion = 16.0.31005.135
MinimumVisualStudioVersion = 10.0.40219.1
Project("{FAE04EC0-301F-11D3-BF4B-00C04F79EFBC}") = "Lesson_4", "Lesson_4.csproj", "{F7442DCE-548D-4EC7-843F-E82A7A4DE357}"
EndProject
Project("{FAE04EC0-301F-11D3-BF4B-00C04F79EFBC}") = "Lesson_4_2", "..\Lesson_4_2\Lesson_4_2.csproj", "{E1E0AF39-F1B7-4418-9C3C-860E284F19D1}"
EndProject
Global
	GlobalSection(SolutionConfigurationPlatforms) = preSolution
		Debug|Any CPU = Debug|Any CPU
		Release|Any CPU = Release|Any CPU
	EndGlobalSection
	GlobalSection(ProjectConfigurationPlatforms) = postSolution
		{F7442DCE-548D-4EC7-843F-E82A7A4DE357}.Debug|Any CPU.ActiveCfg = Debug|Any CPU
		{F7442DCE-548D-4EC7-843F-E82A7A4DE357}.Debug|Any CPU.Build.0 = Debug|Any CPU
		{F7442DCE-548D-4EC7-843F-E82A7A4DE357}.Release|Any CPU.ActiveCfg = Release|Any CPU
		{F7442DCE-548D-4EC7-843F-E82A7A4DE357}.Release|Any CPU.Build.0 = Release|Any CPU
		{E1E0AF39-F1B7-4418-9C3C-860E284F19D1}.Debug|Any CPU.ActiveCfg = Debug|Any CPU
		{E1E0AF39-F1B7-4418-9C3C-860E284F19D1}.Debug|Any CPU.Build.0 = Debug|Any CPU
		{E1E0AF39-F1B7-4418-9C3C-860E284F19D1}.Release|Any CPU.ActiveCfg = Release|Any CPU
		{E1E0AF39-F1B7-4418-9C3C-860E284F19D1}.Release|Any CPU.Build.0 = Release|Any CPU
	EndGlobalSection
	GlobalSection(SolutionProperties) = preSolution
		HideSolutionNode = FALSE
	EndGlobalSection
	GlobalSection(ExtensibilityGlobals) = postSolution
		SolutionGuid = {F05D1F1B-73DB-411A-9A61-5740CFECB80F}
	EndGlobalSection
EndGlobal
